
Microsoft Visual Studio Solution File, Format Version 12.00
# Visual Studio Version 17
VisualStudioVersion = 17.8.34511.84
MinimumVisualStudioVersion = 10.0.40219.1
Project("{FAE04EC0-301F-11D3-BF4B-00C04F79EFBC}") = "TheWarehouse", "TheWarehouse.csproj", "{C66767AD-BFCF-4A4F-897D-73517686655A}"
EndProject
Global
	GlobalSection(SolutionConfigurationPlatforms) = preSolution
		Debug|Any CPU = Debug|Any CPU
		Release|Any CPU = Release|Any CPU
	EndGlobalSection
	GlobalSection(ProjectConfigurationPlatforms) = postSolution
		{C66767AD-BFCF-4A4F-897D-73517686655A}.Debug|Any CPU.ActiveCfg = Debug|Any CPU
		{C66767AD-BFCF-4A4F-897D-73517686655A}.Debug|Any CPU.Build.0 = Debug|Any CPU
		{C66767AD-BFCF-4A4F-897D-73517686655A}.Release|Any CPU.ActiveCfg = Release|Any CPU
		{C66767AD-BFCF-4A4F-897D-73517686655A}.Release|Any CPU.Build.0 = Release|Any CPU
	EndGlobalSection
	GlobalSection(SolutionProperties) = preSolution
		HideSolutionNode = FALSE
	EndGlobalSection
	GlobalSection(ExtensibilityGlobals) = postSolution
		SolutionGuid = {94BD9806-BD7C-4A9F-AAE4-00FC500EAECD}
	EndGlobalSection
EndGlobal
